// !$*UTF8*$!
{
	archiveVersion = 1;
	classes = {
	};
	objectVersion = 50;
	objects = {

/* Begin PBXBuildFile section */
		212EFC0F25741249003B109F /* AppDelegate.swift in Sources */ = {isa = PBXBuildFile; fileRef = 212EFC0E25741249003B109F /* AppDelegate.swift */; };
		212EFC1125741249003B109F /* SceneDelegate.swift in Sources */ = {isa = PBXBuildFile; fileRef = 212EFC1025741249003B109F /* SceneDelegate.swift */; };
		212EFC1325741249003B109F /* ViewController.swift in Sources */ = {isa = PBXBuildFile; fileRef = 212EFC1225741249003B109F /* ViewController.swift */; };
		212EFC1625741249003B109F /* Main.storyboard in Resources */ = {isa = PBXBuildFile; fileRef = 212EFC1425741249003B109F /* Main.storyboard */; };
		212EFC182574124D003B109F /* Assets.xcassets in Resources */ = {isa = PBXBuildFile; fileRef = 212EFC172574124D003B109F /* Assets.xcassets */; };
		212EFC1B2574124D003B109F /* LaunchScreen.storyboard in Resources */ = {isa = PBXBuildFile; fileRef = 212EFC192574124D003B109F /* LaunchScreen.storyboard */; };
		212EFC262574124D003B109F /* CollectionViewTests.swift in Sources */ = {isa = PBXBuildFile; fileRef = 212EFC252574124D003B109F /* CollectionViewTests.swift */; };
		212EFC312574124D003B109F /* CollectionViewUITests.swift in Sources */ = {isa = PBXBuildFile; fileRef = 212EFC302574124D003B109F /* CollectionViewUITests.swift */; };
		212EFC4225751802003B109F /* ImageItem.swift in Sources */ = {isa = PBXBuildFile; fileRef = 212EFC4125751802003B109F /* ImageItem.swift */; };
		212EFC472575185E003B109F /* ImageCollectionViewCell.swift in Sources */ = {isa = PBXBuildFile; fileRef = 212EFC462575185E003B109F /* ImageCollectionViewCell.swift */; };
		212EFC4C2577AA61003B109F /* GameManager.swift in Sources */ = {isa = PBXBuildFile; fileRef = 212EFC4B2577AA61003B109F /* GameManager.swift */; };
		21D40FF8257BCDA000161079 /* GameManagerTests.swift in Sources */ = {isa = PBXBuildFile; fileRef = 21D40FF7257BCDA000161079 /* GameManagerTests.swift */; };
/* End PBXBuildFile section */

/* Begin PBXContainerItemProxy section */
		212EFC222574124D003B109F /* PBXContainerItemProxy */ = {
			isa = PBXContainerItemProxy;
			containerPortal = 212EFC0325741249003B109F /* Project object */;
			proxyType = 1;
			remoteGlobalIDString = 212EFC0A25741249003B109F;
			remoteInfo = CollectionView;
		};
		212EFC2D2574124D003B109F /* PBXContainerItemProxy */ = {
			isa = PBXContainerItemProxy;
			containerPortal = 212EFC0325741249003B109F /* Project object */;
			proxyType = 1;
			remoteGlobalIDString = 212EFC0A25741249003B109F;
			remoteInfo = CollectionView;
		};
/* End PBXContainerItemProxy section */

/* Begin PBXFileReference section */
		212EFC0B25741249003B109F /* CollectionView.app */ = {isa = PBXFileReference; explicitFileType = wrapper.application; includeInIndex = 0; path = CollectionView.app; sourceTree = BUILT_PRODUCTS_DIR; };
		212EFC0E25741249003B109F /* AppDelegate.swift */ = {isa = PBXFileReference; lastKnownFileType = sourcecode.swift; path = AppDelegate.swift; sourceTree = "<group>"; };
		212EFC1025741249003B109F /* SceneDelegate.swift */ = {isa = PBXFileReference; lastKnownFileType = sourcecode.swift; path = SceneDelegate.swift; sourceTree = "<group>"; };
		212EFC1225741249003B109F /* ViewController.swift */ = {isa = PBXFileReference; lastKnownFileType = sourcecode.swift; path = ViewController.swift; sourceTree = "<group>"; };
		212EFC1525741249003B109F /* Base */ = {isa = PBXFileReference; lastKnownFileType = file.storyboard; name = Base; path = Base.lproj/Main.storyboard; sourceTree = "<group>"; };
		212EFC172574124D003B109F /* Assets.xcassets */ = {isa = PBXFileReference; lastKnownFileType = folder.assetcatalog; path = Assets.xcassets; sourceTree = "<group>"; };
		212EFC1A2574124D003B109F /* Base */ = {isa = PBXFileReference; lastKnownFileType = file.storyboard; name = Base; path = Base.lproj/LaunchScreen.storyboard; sourceTree = "<group>"; };
		212EFC1C2574124D003B109F /* Info.plist */ = {isa = PBXFileReference; lastKnownFileType = text.plist.xml; path = Info.plist; sourceTree = "<group>"; };
		212EFC212574124D003B109F /* CollectionViewTests.xctest */ = {isa = PBXFileReference; explicitFileType = wrapper.cfbundle; includeInIndex = 0; path = CollectionViewTests.xctest; sourceTree = BUILT_PRODUCTS_DIR; };
		212EFC252574124D003B109F /* CollectionViewTests.swift */ = {isa = PBXFileReference; lastKnownFileType = sourcecode.swift; path = CollectionViewTests.swift; sourceTree = "<group>"; };
		212EFC272574124D003B109F /* Info.plist */ = {isa = PBXFileReference; lastKnownFileType = text.plist.xml; path = Info.plist; sourceTree = "<group>"; };
		212EFC2C2574124D003B109F /* CollectionViewUITests.xctest */ = {isa = PBXFileReference; explicitFileType = wrapper.cfbundle; includeInIndex = 0; path = CollectionViewUITests.xctest; sourceTree = BUILT_PRODUCTS_DIR; };
		212EFC302574124D003B109F /* CollectionViewUITests.swift */ = {isa = PBXFileReference; lastKnownFileType = sourcecode.swift; path = CollectionViewUITests.swift; sourceTree = "<group>"; };
		212EFC322574124D003B109F /* Info.plist */ = {isa = PBXFileReference; lastKnownFileType = text.plist.xml; path = Info.plist; sourceTree = "<group>"; };
		212EFC4125751802003B109F /* ImageItem.swift */ = {isa = PBXFileReference; lastKnownFileType = sourcecode.swift; path = ImageItem.swift; sourceTree = "<group>"; };
		212EFC462575185E003B109F /* ImageCollectionViewCell.swift */ = {isa = PBXFileReference; lastKnownFileType = sourcecode.swift; path = ImageCollectionViewCell.swift; sourceTree = "<group>"; };
		212EFC4B2577AA61003B109F /* GameManager.swift */ = {isa = PBXFileReference; lastKnownFileType = sourcecode.swift; path = GameManager.swift; sourceTree = "<group>"; };
		21D40FF7257BCDA000161079 /* GameManagerTests.swift */ = {isa = PBXFileReference; lastKnownFileType = sourcecode.swift; path = GameManagerTests.swift; sourceTree = "<group>"; };
/* End PBXFileReference section */

/* Begin PBXFrameworksBuildPhase section */
		212EFC0825741249003B109F /* Frameworks */ = {
			isa = PBXFrameworksBuildPhase;
			buildActionMask = 2147483647;
			files = (
			);
			runOnlyForDeploymentPostprocessing = 0;
		};
		212EFC1E2574124D003B109F /* Frameworks */ = {
			isa = PBXFrameworksBuildPhase;
			buildActionMask = 2147483647;
			files = (
			);
			runOnlyForDeploymentPostprocessing = 0;
		};
		212EFC292574124D003B109F /* Frameworks */ = {
			isa = PBXFrameworksBuildPhase;
			buildActionMask = 2147483647;
			files = (
			);
			runOnlyForDeploymentPostprocessing = 0;
		};
/* End PBXFrameworksBuildPhase section */

/* Begin PBXGroup section */
		212EFC0225741249003B109F = {
			isa = PBXGroup;
			children = (
				212EFC0D25741249003B109F /* CollectionView */,
				212EFC242574124D003B109F /* CollectionViewTests */,
				212EFC2F2574124D003B109F /* CollectionViewUITests */,
				212EFC0C25741249003B109F /* Products */,
			);
			sourceTree = "<group>";
		};
		212EFC0C25741249003B109F /* Products */ = {
			isa = PBXGroup;
			children = (
				212EFC0B25741249003B109F /* CollectionView.app */,
				212EFC212574124D003B109F /* CollectionViewTests.xctest */,
				212EFC2C2574124D003B109F /* CollectionViewUITests.xctest */,
			);
			name = Products;
			sourceTree = "<group>";
		};
		212EFC0D25741249003B109F /* CollectionView */ = {
			isa = PBXGroup;
			children = (
				212EFC0E25741249003B109F /* AppDelegate.swift */,
				212EFC1025741249003B109F /* SceneDelegate.swift */,
				212EFC1225741249003B109F /* ViewController.swift */,
				212EFC1425741249003B109F /* Main.storyboard */,
				212EFC172574124D003B109F /* Assets.xcassets */,
				212EFC192574124D003B109F /* LaunchScreen.storyboard */,
				212EFC1C2574124D003B109F /* Info.plist */,
				212EFC4125751802003B109F /* ImageItem.swift */,
				212EFC462575185E003B109F /* ImageCollectionViewCell.swift */,
				212EFC4B2577AA61003B109F /* GameManager.swift */,
			);
			path = CollectionView;
			sourceTree = "<group>";
		};
		212EFC242574124D003B109F /* CollectionViewTests */ = {
			isa = PBXGroup;
			children = (
				212EFC252574124D003B109F /* CollectionViewTests.swift */,
				212EFC272574124D003B109F /* Info.plist */,
				21D40FF7257BCDA000161079 /* GameManagerTests.swift */,
			);
			path = CollectionViewTests;
			sourceTree = "<group>";
		};
		212EFC2F2574124D003B109F /* CollectionViewUITests */ = {
			isa = PBXGroup;
			children = (
				212EFC302574124D003B109F /* CollectionViewUITests.swift */,
				212EFC322574124D003B109F /* Info.plist */,
			);
			path = CollectionViewUITests;
			sourceTree = "<group>";
		};
/* End PBXGroup section */

/* Begin PBXNativeTarget section */
		212EFC0A25741249003B109F /* CollectionView */ = {
			isa = PBXNativeTarget;
			buildConfigurationList = 212EFC352574124D003B109F /* Build configuration list for PBXNativeTarget "CollectionView" */;
			buildPhases = (
				212EFC0725741249003B109F /* Sources */,
				212EFC0825741249003B109F /* Frameworks */,
				212EFC0925741249003B109F /* Resources */,
			);
			buildRules = (
			);
			dependencies = (
			);
			name = CollectionView;
			productName = CollectionView;
			productReference = 212EFC0B25741249003B109F /* CollectionView.app */;
			productType = "com.apple.product-type.application";
		};
		212EFC202574124D003B109F /* CollectionViewTests */ = {
			isa = PBXNativeTarget;
			buildConfigurationList = 212EFC382574124D003B109F /* Build configuration list for PBXNativeTarget "CollectionViewTests" */;
			buildPhases = (
				212EFC1D2574124D003B109F /* Sources */,
				212EFC1E2574124D003B109F /* Frameworks */,
				212EFC1F2574124D003B109F /* Resources */,
			);
			buildRules = (
			);
			dependencies = (
				212EFC232574124D003B109F /* PBXTargetDependency */,
			);
			name = CollectionViewTests;
			productName = CollectionViewTests;
			productReference = 212EFC212574124D003B109F /* CollectionViewTests.xctest */;
			productType = "com.apple.product-type.bundle.unit-test";
		};
		212EFC2B2574124D003B109F /* CollectionViewUITests */ = {
			isa = PBXNativeTarget;
			buildConfigurationList = 212EFC3B2574124D003B109F /* Build configuration list for PBXNativeTarget "CollectionViewUITests" */;
			buildPhases = (
				212EFC282574124D003B109F /* Sources */,
				212EFC292574124D003B109F /* Frameworks */,
				212EFC2A2574124D003B109F /* Resources */,
			);
			buildRules = (
			);
			dependencies = (
				212EFC2E2574124D003B109F /* PBXTargetDependency */,
			);
			name = CollectionViewUITests;
			productName = CollectionViewUITests;
			productReference = 212EFC2C2574124D003B109F /* CollectionViewUITests.xctest */;
			productType = "com.apple.product-type.bundle.ui-testing";
		};
/* End PBXNativeTarget section */

/* Begin PBXProject section */
		212EFC0325741249003B109F /* Project object */ = {
			isa = PBXProject;
			attributes = {
				LastSwiftUpdateCheck = 1220;
				LastUpgradeCheck = 1220;
				TargetAttributes = {
					212EFC0A25741249003B109F = {
						CreatedOnToolsVersion = 12.2;
					};
					212EFC202574124D003B109F = {
						CreatedOnToolsVersion = 12.2;
						TestTargetID = 212EFC0A25741249003B109F;
					};
					212EFC2B2574124D003B109F = {
						CreatedOnToolsVersion = 12.2;
						TestTargetID = 212EFC0A25741249003B109F;
					};
				};
			};
			buildConfigurationList = 212EFC0625741249003B109F /* Build configuration list for PBXProject "CollectionView" */;
			compatibilityVersion = "Xcode 9.3";
			developmentRegion = en;
			hasScannedForEncodings = 0;
			knownRegions = (
				en,
				Base,
			);
			mainGroup = 212EFC0225741249003B109F;
			productRefGroup = 212EFC0C25741249003B109F /* Products */;
			projectDirPath = "";
			projectRoot = "";
			targets = (
				212EFC0A25741249003B109F /* CollectionView */,
				212EFC202574124D003B109F /* CollectionViewTests */,
				212EFC2B2574124D003B109F /* CollectionViewUITests */,
			);
		};
/* End PBXProject section */

/* Begin PBXResourcesBuildPhase section */
		212EFC0925741249003B109F /* Resources */ = {
			isa = PBXResourcesBuildPhase;
			buildActionMask = 2147483647;
			files = (
				212EFC1B2574124D003B109F /* LaunchScreen.storyboard in Resources */,
				212EFC182574124D003B109F /* Assets.xcassets in Resources */,
				212EFC1625741249003B109F /* Main.storyboard in Resources */,
			);
			runOnlyForDeploymentPostprocessing = 0;
		};
		212EFC1F2574124D003B109F /* Resources */ = {
			isa = PBXResourcesBuildPhase;
			buildActionMask = 2147483647;
			files = (
			);
			runOnlyForDeploymentPostprocessing = 0;
		};
		212EFC2A2574124D003B109F /* Resources */ = {
			isa = PBXResourcesBuildPhase;
			buildActionMask = 2147483647;
			files = (
			);
			runOnlyForDeploymentPostprocessing = 0;
		};
/* End PBXResourcesBuildPhase section */

/* Begin PBXSourcesBuildPhase section */
		212EFC0725741249003B109F /* Sources */ = {
			isa = PBXSourcesBuildPhase;
			buildActionMask = 2147483647;
			files = (
				212EFC4225751802003B109F /* ImageItem.swift in Sources */,
				212EFC4C2577AA61003B109F /* GameManager.swift in Sources */,
				212EFC472575185E003B109F /* ImageCollectionViewCell.swift in Sources */,
				212EFC1325741249003B109F /* ViewController.swift in Sources */,
				212EFC0F25741249003B109F /* AppDelegate.swift in Sources */,
				212EFC1125741249003B109F /* SceneDelegate.swift in Sources */,
			);
			runOnlyForDeploymentPostprocessing = 0;
		};
		212EFC1D2574124D003B109F /* Sources */ = {
			isa = PBXSourcesBuildPhase;
			buildActionMask = 2147483647;
			files = (
				212EFC262574124D003B109F /* CollectionViewTests.swift in Sources */,
				21D40FF8257BCDA000161079 /* GameManagerTests.swift in Sources */,
			);
			runOnlyForDeploymentPostprocessing = 0;
		};
		212EFC282574124D003B109F /* Sources */ = {
			isa = PBXSourcesBuildPhase;
			buildActionMask = 2147483647;
			files = (
				212EFC312574124D003B109F /* CollectionViewUITests.swift in Sources */,
			);
			runOnlyForDeploymentPostprocessing = 0;
		};
/* End PBXSourcesBuildPhase section */

/* Begin PBXTargetDependency section */
		212EFC232574124D003B109F /* PBXTargetDependency */ = {
			isa = PBXTargetDependency;
			target = 212EFC0A25741249003B109F /* CollectionView */;
			targetProxy = 212EFC222574124D003B109F /* PBXContainerItemProxy */;
		};
		212EFC2E2574124D003B109F /* PBXTargetDependency */ = {
			isa = PBXTargetDependency;
			target = 212EFC0A25741249003B109F /* CollectionView */;
			targetProxy = 212EFC2D2574124D003B109F /* PBXContainerItemProxy */;
		};
/* End PBXTargetDependency section */

/* Begin PBXVariantGroup section */
		212EFC1425741249003B109F /* Main.storyboard */ = {
			isa = PBXVariantGroup;
			children = (
				212EFC1525741249003B109F /* Base */,
			);
			name = Main.storyboard;
			sourceTree = "<group>";
		};
		212EFC192574124D003B109F /* LaunchScreen.storyboard */ = {
			isa = PBXVariantGroup;
			children = (
				212EFC1A2574124D003B109F /* Base */,
			);
			name = LaunchScreen.storyboard;
			sourceTree = "<group>";
		};
/* End PBXVariantGroup section */

/* Begin XCBuildConfiguration section */
		212EFC332574124D003B109F /* Debug */ = {
			isa = XCBuildConfiguration;
			buildSettings = {
				ALWAYS_SEARCH_USER_PATHS = NO;
				CLANG_ANALYZER_NONNULL = YES;
				CLANG_ANALYZER_NUMBER_OBJECT_CONVERSION = YES_AGGRESSIVE;
				CLANG_CXX_LANGUAGE_STANDARD = "gnu++14";
				CLANG_CXX_LIBRARY = "libc++";
				CLANG_ENABLE_MODULES = YES;
				CLANG_ENABLE_OBJC_ARC = YES;
				CLANG_ENABLE_OBJC_WEAK = YES;
				CLANG_WARN_BLOCK_CAPTURE_AUTORELEASING = YES;
				CLANG_WARN_BOOL_CONVERSION = YES;
				CLANG_WARN_COMMA = YES;
				CLANG_WARN_CONSTANT_CONVERSION = YES;
				CLANG_WARN_DEPRECATED_OBJC_IMPLEMENTATIONS = YES;
				CLANG_WARN_DIRECT_OBJC_ISA_USAGE = YES_ERROR;
				CLANG_WARN_DOCUMENTATION_COMMENTS = YES;
				CLANG_WARN_EMPTY_BODY = YES;
				CLANG_WARN_ENUM_CONVERSION = YES;
				CLANG_WARN_INFINITE_RECURSION = YES;
				CLANG_WARN_INT_CONVERSION = YES;
				CLANG_WARN_NON_LITERAL_NULL_CONVERSION = YES;
				CLANG_WARN_OBJC_IMPLICIT_RETAIN_SELF = YES;
				CLANG_WARN_OBJC_LITERAL_CONVERSION = YES;
				CLANG_WARN_OBJC_ROOT_CLASS = YES_ERROR;
				CLANG_WARN_QUOTED_INCLUDE_IN_FRAMEWORK_HEADER = YES;
				CLANG_WARN_RANGE_LOOP_ANALYSIS = YES;
				CLANG_WARN_STRICT_PROTOTYPES = YES;
				CLANG_WARN_SUSPICIOUS_MOVE = YES;
				CLANG_WARN_UNGUARDED_AVAILABILITY = YES_AGGRESSIVE;
				CLANG_WARN_UNREACHABLE_CODE = YES;
				CLANG_WARN__DUPLICATE_METHOD_MATCH = YES;
				COPY_PHASE_STRIP = NO;
				DEBUG_INFORMATION_FORMAT = dwarf;
				ENABLE_STRICT_OBJC_MSGSEND = YES;
				ENABLE_TESTABILITY = YES;
				GCC_C_LANGUAGE_STANDARD = gnu11;
				GCC_DYNAMIC_NO_PIC = NO;
				GCC_NO_COMMON_BLOCKS = YES;
				GCC_OPTIMIZATION_LEVEL = 0;
				GCC_PREPROCESSOR_DEFINITIONS = (
					"DEBUG=1",
					"$(inherited)",
				);
				GCC_WARN_64_TO_32_BIT_CONVERSION = YES;
				GCC_WARN_ABOUT_RETURN_TYPE = YES_ERROR;
				GCC_WARN_UNDECLARED_SELECTOR = YES;
				GCC_WARN_UNINITIALIZED_AUTOS = YES_AGGRESSIVE;
				GCC_WARN_UNUSED_FUNCTION = YES;
				GCC_WARN_UNUSED_VARIABLE = YES;
				IPHONEOS_DEPLOYMENT_TARGET = 14.2;
				MTL_ENABLE_DEBUG_INFO = INCLUDE_SOURCE;
				MTL_FAST_MATH = YES;
				ONLY_ACTIVE_ARCH = YES;
				SDKROOT = iphoneos;
				SWIFT_ACTIVE_COMPILATION_CONDITIONS = DEBUG;
				SWIFT_OPTIMIZATION_LEVEL = "-Onone";
			};
			name = Debug;
		};
		212EFC342574124D003B109F /* Release */ = {
			isa = XCBuildConfiguration;
			buildSettings = {
				ALWAYS_SEARCH_USER_PATHS = NO;
				CLANG_ANALYZER_NONNULL = YES;
				CLANG_ANALYZER_NUMBER_OBJECT_CONVERSION = YES_AGGRESSIVE;
				CLANG_CXX_LANGUAGE_STANDARD = "gnu++14";
				CLANG_CXX_LIBRARY = "libc++";
				CLANG_ENABLE_MODULES = YES;
				CLANG_ENABLE_OBJC_ARC = YES;
				CLANG_ENABLE_OBJC_WEAK = YES;
				CLANG_WARN_BLOCK_CAPTURE_AUTORELEASING = YES;
				CLANG_WARN_BOOL_CONVERSION = YES;
				CLANG_WARN_COMMA = YES;
				CLANG_WARN_CONSTANT_CONVERSION = YES;
				CLANG_WARN_DEPRECATED_OBJC_IMPLEMENTATIONS = YES;
				CLANG_WARN_DIRECT_OBJC_ISA_USAGE = YES_ERROR;
				CLANG_WARN_DOCUMENTATION_COMMENTS = YES;
				CLANG_WARN_EMPTY_BODY = YES;
				CLANG_WARN_ENUM_CONVERSION = YES;
				CLANG_WARN_INFINITE_RECURSION = YES;
				CLANG_WARN_INT_CONVERSION = YES;
				CLANG_WARN_NON_LITERAL_NULL_CONVERSION = YES;
				CLANG_WARN_OBJC_IMPLICIT_RETAIN_SELF = YES;
				CLANG_WARN_OBJC_LITERAL_CONVERSION = YES;
				CLANG_WARN_OBJC_ROOT_CLASS = YES_ERROR;
				CLANG_WARN_QUOTED_INCLUDE_IN_FRAMEWORK_HEADER = YES;
				CLANG_WARN_RANGE_LOOP_ANALYSIS = YES;
				CLANG_WARN_STRICT_PROTOTYPES = YES;
				CLANG_WARN_SUSPICIOUS_MOVE = YES;
				CLANG_WARN_UNGUARDED_AVAILABILITY = YES_AGGRESSIVE;
				CLANG_WARN_UNREACHABLE_CODE = YES;
				CLANG_WARN__DUPLICATE_METHOD_MATCH = YES;
				COPY_PHASE_STRIP = NO;
				DEBUG_INFORMATION_FORMAT = "dwarf-with-dsym";
				ENABLE_NS_ASSERTIONS = NO;
				ENABLE_STRICT_OBJC_MSGSEND = YES;
				GCC_C_LANGUAGE_STANDARD = gnu11;
				GCC_NO_COMMON_BLOCKS = YES;
				GCC_WARN_64_TO_32_BIT_CONVERSION = YES;
				GCC_WARN_ABOUT_RETURN_TYPE = YES_ERROR;
				GCC_WARN_UNDECLARED_SELECTOR = YES;
				GCC_WARN_UNINITIALIZED_AUTOS = YES_AGGRESSIVE;
				GCC_WARN_UNUSED_FUNCTION = YES;
				GCC_WARN_UNUSED_VARIABLE = YES;
				IPHONEOS_DEPLOYMENT_TARGET = 14.2;
				MTL_ENABLE_DEBUG_INFO = NO;
				MTL_FAST_MATH = YES;
				SDKROOT = iphoneos;
				SWIFT_COMPILATION_MODE = wholemodule;
				SWIFT_OPTIMIZATION_LEVEL = "-O";
				VALIDATE_PRODUCT = YES;
			};
			name = Release;
		};
		212EFC362574124D003B109F /* Debug */ = {
			isa = XCBuildConfiguration;
			buildSettings = {
				ASSETCATALOG_COMPILER_APPICON_NAME = AppIcon;
				ASSETCATALOG_COMPILER_GLOBAL_ACCENT_COLOR_NAME = AccentColor;
				CODE_SIGN_STYLE = Automatic;
				DEVELOPMENT_TEAM = 4RSQQ96426;
				INFOPLIST_FILE = CollectionView/Info.plist;
				LD_RUNPATH_SEARCH_PATHS = (
					"$(inherited)",
					"@executable_path/Frameworks",
				);
				PRODUCT_BUNDLE_IDENTIFIER = com.yelizkececi.CollectionView;
				PRODUCT_NAME = "$(TARGET_NAME)";
				SWIFT_VERSION = 5.0;
				TARGETED_DEVICE_FAMILY = "1,2";
			};
			name = Debug;
		};
		212EFC372574124D003B109F /* Release */ = {
			isa = XCBuildConfiguration;
			buildSettings = {
				ASSETCATALOG_COMPILER_APPICON_NAME = AppIcon;
				ASSETCATALOG_COMPILER_GLOBAL_ACCENT_COLOR_NAME = AccentColor;
				CODE_SIGN_STYLE = Automatic;
				DEVELOPMENT_TEAM = 4RSQQ96426;
				INFOPLIST_FILE = CollectionView/Info.plist;
				LD_RUNPATH_SEARCH_PATHS = (
					"$(inherited)",
					"@executable_path/Frameworks",
				);
				PRODUCT_BUNDLE_IDENTIFIER = com.yelizkececi.CollectionView;
				PRODUCT_NAME = "$(TARGET_NAME)";
				SWIFT_VERSION = 5.0;
				TARGETED_DEVICE_FAMILY = "1,2";
			};
			name = Release;
		};
		212EFC392574124D003B109F /* Debug */ = {
			isa = XCBuildConfiguration;
			buildSettings = {
				ALWAYS_EMBED_SWIFT_STANDARD_LIBRARIES = YES;
				BUNDLE_LOADER = "$(TEST_HOST)";
				CODE_SIGN_STYLE = Automatic;
				DEVELOPMENT_TEAM = 4RSQQ96426;
				INFOPLIST_FILE = CollectionViewTests/Info.plist;
				IPHONEOS_DEPLOYMENT_TARGET = 14.2;
				LD_RUNPATH_SEARCH_PATHS = (
					"$(inherited)",
					"@executable_path/Frameworks",
					"@loader_path/Frameworks",
				);
				PRODUCT_BUNDLE_IDENTIFIER = com.yelizkececi.CollectionViewTests;
				PRODUCT_NAME = "$(TARGET_NAME)";
				SWIFT_VERSION = 5.0;
				TARGETED_DEVICE_FAMILY = "1,2";
				TEST_HOST = "$(BUILT_PRODUCTS_DIR)/CollectionView.app/CollectionView";
			};
			name = Debug;
		};
		212EFC3A2574124D003B109F /* Release */ = {
			isa = XCBuildConfiguration;
			buildSettings = {
				ALWAYS_EMBED_SWIFT_STANDARD_LIBRARIES = YES;
				BUNDLE_LOADER = "$(TEST_HOST)";
				CODE_SIGN_STYLE = Automatic;
				DEVELOPMENT_TEAM = 4RSQQ96426;
				INFOPLIST_FILE = CollectionViewTests/Info.plist;
				IPHONEOS_DEPLOYMENT_TARGET = 14.2;
				LD_RUNPATH_SEARCH_PATHS = (
					"$(inherited)",
					"@executable_path/Frameworks",
					"@loader_path/Frameworks",
				);
				PRODUCT_BUNDLE_IDENTIFIER = com.yelizkececi.CollectionViewTests;
				PRODUCT_NAME = "$(TARGET_NAME)";
				SWIFT_VERSION = 5.0;
				TARGETED_DEVICE_FAMILY = "1,2";
				TEST_HOST = "$(BUILT_PRODUCTS_DIR)/CollectionView.app/CollectionView";
			};
			name = Release;
		};
		212EFC3C2574124D003B109F /* Debug */ = {
			isa = XCBuildConfiguration;
			buildSettings = {
				ALWAYS_EMBED_SWIFT_STANDARD_LIBRARIES = YES;
				CODE_SIGN_STYLE = Automatic;
				DEVELOPMENT_TEAM = 4RSQQ96426;
				INFOPLIST_FILE = CollectionViewUITests/Info.plist;
				LD_RUNPATH_SEARCH_PATHS = (
					"$(inherited)",
					"@executable_path/Frameworks",
					"@loader_path/Frameworks",
				);
				PRODUCT_BUNDLE_IDENTIFIER = com.yelizkececi.CollectionViewUITests;
				PRODUCT_NAME = "$(TARGET_NAME)";
				SWIFT_VERSION = 5.0;
				TARGETED_DEVICE_FAMILY = "1,2";
				TEST_TARGET_NAME = CollectionView;
			};
			name = Debug;
		};
		212EFC3D2574124D003B109F /* Release */ = {
			isa = XCBuildConfiguration;
			buildSettings = {
				ALWAYS_EMBED_SWIFT_STANDARD_LIBRARIES = YES;
				CODE_SIGN_STYLE = Automatic;
				DEVELOPMENT_TEAM = 4RSQQ96426;
				INFOPLIST_FILE = CollectionViewUITests/Info.plist;
				LD_RUNPATH_SEARCH_PATHS = (
					"$(inherited)",
					"@executable_path/Frameworks",
					"@loader_path/Frameworks",
				);
				PRODUCT_BUNDLE_IDENTIFIER = com.yelizkececi.CollectionViewUITests;
				PRODUCT_NAME = "$(TARGET_NAME)";
				SWIFT_VERSION = 5.0;
				TARGETED_DEVICE_FAMILY = "1,2";
				TEST_TARGET_NAME = CollectionView;
			};
			name = Release;
		};
/* End XCBuildConfiguration section */

/* Begin XCConfigurationList section */
		212EFC0625741249003B109F /* Build configuration list for PBXProject "CollectionView" */ = {
			isa = XCConfigurationList;
			buildConfigurations = (
				212EFC332574124D003B109F /* Debug */,
				212EFC342574124D003B109F /* Release */,
			);
			defaultConfigurationIsVisible = 0;
			defaultConfigurationName = Release;
		};
		212EFC352574124D003B109F /* Build configuration list for PBXNativeTarget "CollectionView" */ = {
			isa = XCConfigurationList;
			buildConfigurations = (
				212EFC362574124D003B109F /* Debug */,
				212EFC372574124D003B109F /* Release */,
			);
			defaultConfigurationIsVisible = 0;
			defaultConfigurationName = Release;
		};
		212EFC382574124D003B109F /* Build configuration list for PBXNativeTarget "CollectionViewTests" */ = {
			isa = XCConfigurationList;
			buildConfigurations = (
				212EFC392574124D003B109F /* Debug */,
				212EFC3A2574124D003B109F /* Release */,
			);
			defaultConfigurationIsVisible = 0;
			defaultConfigurationName = Release;
		};
		212EFC3B2574124D003B109F /* Build configuration list for PBXNativeTarget "CollectionViewUITests" */ = {
			isa = XCConfigurationList;
			buildConfigurations = (
				212EFC3C2574124D003B109F /* Debug */,
				212EFC3D2574124D003B109F /* Release */,
			);
			defaultConfigurationIsVisible = 0;
			defaultConfigurationName = Release;
		};
/* End XCConfigurationList section */
	};
	rootObject = 212EFC0325741249003B109F /* Project object */;
}
